
Microsoft Visual Studio Solution File, Format Version 12.00
# Visual Studio Version 18
VisualStudioVersion = 18.3.11312.210
MinimumVisualStudioVersion = 10.0.40219.1
Project("{54A90642-561A-4BB1-A94E-469ADEE60C69}") = "wantedrec.client", "wantedrec.client\wantedrec.client.esproj", "{84908313-E0CF-ADF6-41E6-6562400AAE2A}"
EndProject
Project("{FAE04EC0-301F-11D3-BF4B-00C04F79EFBC}") = "WantedRec.Server", "WantedRec.Server\WantedRec.Server.csproj", "{C92A718C-4224-EB4C-01B6-12CBC42D3BB2}"
EndProject
Global
	GlobalSection(SolutionConfigurationPlatforms) = preSolution
		Debug|Any CPU = Debug|Any CPU
		Release|Any CPU = Release|Any CPU
	EndGlobalSection
	GlobalSection(ProjectConfigurationPlatforms) = postSolution
		{84908313-E0CF-ADF6-41E6-6562400AAE2A}.Debug|Any CPU.ActiveCfg = Debug|Any CPU
		{84908313-E0CF-ADF6-41E6-6562400AAE2A}.Debug|Any CPU.Build.0 = Debug|Any CPU
		{84908313-E0CF-ADF6-41E6-6562400AAE2A}.Debug|Any CPU.Deploy.0 = Debug|Any CPU
		{84908313-E0CF-ADF6-41E6-6562400AAE2A}.Release|Any CPU.ActiveCfg = Release|Any CPU
		{84908313-E0CF-ADF6-41E6-6562400AAE2A}.Release|Any CPU.Build.0 = Release|Any CPU
		{84908313-E0CF-ADF6-41E6-6562400AAE2A}.Release|Any CPU.Deploy.0 = Release|Any CPU
		{C92A718C-4224-EB4C-01B6-12CBC42D3BB2}.Debug|Any CPU.ActiveCfg = Debug|Any CPU
		{C92A718C-4224-EB4C-01B6-12CBC42D3BB2}.Debug|Any CPU.Build.0 = Debug|Any CPU
		{C92A718C-4224-EB4C-01B6-12CBC42D3BB2}.Release|Any CPU.ActiveCfg = Release|Any CPU
		{C92A718C-4224-EB4C-01B6-12CBC42D3BB2}.Release|Any CPU.Build.0 = Release|Any CPU
	EndGlobalSection
	GlobalSection(SolutionProperties) = preSolution
		HideSolutionNode = FALSE
	EndGlobalSection
	GlobalSection(ExtensibilityGlobals) = postSolution
		SolutionGuid = {88446D6F-E064-45FE-930F-CC7F1792BAEC}
	EndGlobalSection
EndGlobal
